// !$*UTF8*$!
{
	archiveVersion = 1;
	classes = {
	};
	objectVersion = 46;
	objects = {

/* Begin PBXBuildFile section */
		BD0178361F428817002A00F2 /* AppDelegate.swift in Sources */ = {isa = PBXBuildFile; fileRef = BD0178351F428817002A00F2 /* AppDelegate.swift */; };
		BD0178381F428817002A00F2 /* ViewController.swift in Sources */ = {isa = PBXBuildFile; fileRef = BD0178371F428817002A00F2 /* ViewController.swift */; };
		BD01783B1F428817002A00F2 /* Main.storyboard in Resources */ = {isa = PBXBuildFile; fileRef = BD0178391F428817002A00F2 /* Main.storyboard */; };
		BD01783D1F428817002A00F2 /* Assets.xcassets in Resources */ = {isa = PBXBuildFile; fileRef = BD01783C1F428817002A00F2 /* Assets.xcassets */; };
		BD0178401F428817002A00F2 /* LaunchScreen.storyboard in Resources */ = {isa = PBXBuildFile; fileRef = BD01783E1F428817002A00F2 /* LaunchScreen.storyboard */; };
/* End PBXBuildFile section */

/* Begin PBXFileReference section */
		BD0178321F428817002A00F2 /* mysuper.app */ = {isa = PBXFileReference; explicitFileType = wrapper.application; includeInIndex = 0; path = mysuper.app; sourceTree = BUILT_PRODUCTS_DIR; };
		BD0178351F428817002A00F2 /* AppDelegate.swift */ = {isa = PBXFileReference; lastKnownFileType = sourcecode.swift; path = AppDelegate.swift; sourceTree = "<group>"; };
		BD0178371F428817002A00F2 /* ViewController.swift */ = {isa = PBXFileReference; lastKnownFileType = sourcecode.swift; path = ViewController.swift; sourceTree = "<group>"; };
		BD01783A1F428817002A00F2 /* Base */ = {isa = PBXFileReference; lastKnownFileType = file.storyboard; name = Base; path = Base.lproj/Main.storyboard; sourceTree = "<group>"; };
		BD01783C1F428817002A00F2 /* Assets.xcassets */ = {isa = PBXFileReference; lastKnownFileType = folder.assetcatalog; path = Assets.xcassets; sourceTree = "<group>"; };
		BD01783F1F428817002A00F2 /* Base */ = {isa = PBXFileReference; lastKnownFileType = file.storyboard; name = Base; path = Base.lproj/LaunchScreen.storyboard; sourceTree = "<group>"; };
		BD0178411F428817002A00F2 /* Info.plist */ = {isa = PBXFileReference; lastKnownFileType = text.plist.xml; path = Info.plist; sourceTree = "<group>"; };
/* End PBXFileReference section */

/* Begin PBXFrameworksBuildPhase section */
		BD01782F1F428817002A00F2 /* Frameworks */ = {
			isa = PBXFrameworksBuildPhase;
			buildActionMask = 2147483647;
			files = (
			);
			runOnlyForDeploymentPostprocessing = 0;
		};
/* End PBXFrameworksBuildPhase section */

/* Begin PBXGroup section */
		BD0178291F428817002A00F2 = {
			isa = PBXGroup;
			children = (
				BD0178341F428817002A00F2 /* mysuper */,
				BD0178331F428817002A00F2 /* Products */,
			);
			sourceTree = "<group>";
		};
		BD0178331F428817002A00F2 /* Products */ = {
			isa = PBXGroup;
			children = (
				BD0178321F428817002A00F2 /* mysuper.app */,
			);
			name = Products;
			sourceTree = "<group>";
		};
		BD0178341F428817002A00F2 /* mysuper */ = {
			isa = PBXGroup;
			children = (
				BD0178351F428817002A00F2 /* AppDelegate.swift */,
				BD0178371F428817002A00F2 /* ViewController.swift */,
				BD0178391F428817002A00F2 /* Main.storyboard */,
				BD01783C1F428817002A00F2 /* Assets.xcassets */,
				BD01783E1F428817002A00F2 /* LaunchScreen.storyboard */,
				BD0178411F428817002A00F2 /* Info.plist */,
			);
			path = mysuper;
			sourceTree = "<group>";
		};
/* End PBXGroup section */

/* Begin PBXNativeTarget section */
		BD0178311F428817002A00F2 /* mysuper */ = {
			isa = PBXNativeTarget;
			buildConfigurationList = BD0178441F428817002A00F2 /* Build configuration list for PBXNativeTarget "mysuper" */;
			buildPhases = (
				BD01782E1F428817002A00F2 /* Sources */,
				BD01782F1F428817002A00F2 /* Frameworks */,
				BD0178301F428817002A00F2 /* Resources */,
			);
			buildRules = (
			);
			dependencies = (
			);
			name = mysuper;
			productName = mysuper;
			productReference = BD0178321F428817002A00F2 /* mysuper.app */;
			productType = "com.apple.product-type.application";
		};
/* End PBXNativeTarget section */

/* Begin PBXProject section */
		BD01782A1F428817002A00F2 /* Project object */ = {
			isa = PBXProject;
			attributes = {
				LastSwiftUpdateCheck = 0830;
				LastUpgradeCheck = 0830;
				ORGANIZATIONNAME = niaoyutong;
				TargetAttributes = {
					BD0178311F428817002A00F2 = {
						CreatedOnToolsVersion = 8.3.3;
						DevelopmentTeam = 7A99V6896N;
						ProvisioningStyle = Automatic;
					};
				};
			};
			buildConfigurationList = BD01782D1F428817002A00F2 /* Build configuration list for PBXProject "mysuper" */;
			compatibilityVersion = "Xcode 3.2";
			developmentRegion = English;
			hasScannedForEncodings = 0;
			knownRegions = (
				en,
				Base,
			);
			mainGroup = BD0178291F428817002A00F2;
			productRefGroup = BD0178331F428817002A00F2 /* Products */;
			projectDirPath = "";
			projectRoot = "";
			targets = (
				BD0178311F428817002A00F2 /* mysuper */,
			);
		};
/* End PBXProject section */

/* Begin PBXResourcesBuildPhase section */
		BD0178301F428817002A00F2 /* Resources */ = {
			isa = PBXResourcesBuildPhase;
			buildActionMask = 2147483647;
			files = (
				BD0178401F428817002A00F2 /* LaunchScreen.storyboard in Resources */,
				BD01783D1F428817002A00F2 /* Assets.xcassets in Resources */,
				BD01783B1F428817002A00F2 /* Main.storyboard in Resources */,
			);
			runOnlyForDeploymentPostprocessing = 0;
		};
/* End PBXResourcesBuildPhase section */

/* Begin PBXSourcesBuildPhase section */
		BD01782E1F428817002A00F2 /* Sources */ = {
			isa = PBXSourcesBuildPhase;
			buildActionMask = 2147483647;
			files = (
				BD0178381F428817002A00F2 /* ViewController.swift in Sources */,
				BD0178361F428817002A00F2 /* AppDelegate.swift in Sources */,
			);
			runOnlyForDeploymentPostprocessing = 0;
		};
/* End PBXSourcesBuildPhase section */

/* Begin PBXVariantGroup section */
		BD0178391F428817002A00F2 /* Main.storyboard */ = {
			isa = PBXVariantGroup;
			children = (
				BD01783A1F428817002A00F2 /* Base */,
			);
			name = Main.storyboard;
			sourceTree = "<group>";
		};
		BD01783E1F428817002A00F2 /* LaunchScreen.storyboard */ = {
			isa = PBXVariantGroup;
			children = (
				BD01783F1F428817002A00F2 /* Base */,
			);
			name = LaunchScreen.storyboard;
			sourceTree = "<group>";
		};
/* End PBXVariantGroup section */

/* Begin XCBuildConfiguration section */
		BD0178421F428817002A00F2 /* Debug */ = {
			isa = XCBuildConfiguration;
			buildSettings = {
				ALWAYS_SEARCH_USER_PATHS = NO;
				CLANG_ANALYZER_NONNULL = YES;
				CLANG_ANALYZER_NUMBER_OBJECT_CONVERSION = YES_AGGRESSIVE;
				CLANG_CXX_LANGUAGE_STANDARD = "gnu++0x";
				CLANG_CXX_LIBRARY = "libc++";
				CLANG_ENABLE_MODULES = YES;
				CLANG_ENABLE_OBJC_ARC = YES;
				CLANG_WARN_BOOL_CONVERSION = YES;
				CLANG_WARN_CONSTANT_CONVERSION = YES;
				CLANG_WARN_DIRECT_OBJC_ISA_USAGE = YES_ERROR;
				CLANG_WARN_DOCUMENTATION_COMMENTS = YES;
				CLANG_WARN_EMPTY_BODY = YES;
				CLANG_WARN_ENUM_CONVERSION = YES;
				CLANG_WARN_INFINITE_RECURSION = YES;
				CLANG_WARN_INT_CONVERSION = YES;
				CLANG_WARN_OBJC_ROOT_CLASS = YES_ERROR;
				CLANG_WARN_SUSPICIOUS_MOVE = YES;
				CLANG_WARN_UNREACHABLE_CODE = YES;
				CLANG_WARN__DUPLICATE_METHOD_MATCH = YES;
				"CODE_SIGN_IDENTITY[sdk=iphoneos*]" = "iPhone Developer";
				COPY_PHASE_STRIP = NO;
				DEBUG_INFORMATION_FORMAT = dwarf;
				ENABLE_STRICT_OBJC_MSGSEND = YES;
				ENABLE_TESTABILITY = YES;
				GCC_C_LANGUAGE_STANDARD = gnu99;
				GCC_DYNAMIC_NO_PIC = NO;
				GCC_NO_COMMON_BLOCKS = YES;
				GCC_OPTIMIZATION_LEVEL = 0;
				GCC_PREPROCESSOR_DEFINITIONS = (
					"DEBUG=1",
					"$(inherited)",
				);
				GCC_WARN_64_TO_32_BIT_CONVERSION = YES;
				GCC_WARN_ABOUT_RETURN_TYPE = YES_ERROR;
				GCC_WARN_UNDECLARED_SELECTOR = YES;
				GCC_WARN_UNINITIALIZED_AUTOS = YES_AGGRESSIVE;
				GCC_WARN_UNUSED_FUNCTION = YES;
				GCC_WARN_UNUSED_VARIABLE = YES;
				IPHONEOS_DEPLOYMENT_TARGET = 10.3;
				MTL_ENABLE_DEBUG_INFO = YES;
				ONLY_ACTIVE_ARCH = YES;
				SDKROOT = iphoneos;
				SWIFT_ACTIVE_COMPILATION_CONDITIONS = DEBUG;
				SWIFT_OPTIMIZATION_LEVEL = "-Onone";
			};
			name = Debug;
		};
		BD0178431F428817002A00F2 /* Release */ = {
			isa = XCBuildConfiguration;
			buildSettings = {
				ALWAYS_SEARCH_USER_PATHS = NO;
				CLANG_ANALYZER_NONNULL = YES;
				CLANG_ANALYZER_NUMBER_OBJECT_CONVERSION = YES_AGGRESSIVE;
				CLANG_CXX_LANGUAGE_STANDARD = "gnu++0x";
				CLANG_CXX_LIBRARY = "libc++";
				CLANG_ENABLE_MODULES = YES;
				CLANG_ENABLE_OBJC_ARC = YES;
				CLANG_WARN_BOOL_CONVERSION = YES;
				CLANG_WARN_CONSTANT_CONVERSION = YES;
				CLANG_WARN_DIRECT_OBJC_ISA_USAGE = YES_ERROR;
				CLANG_WARN_DOCUMENTATION_COMMENTS = YES;
				CLANG_WARN_EMPTY_BODY = YES;
				CLANG_WARN_ENUM_CONVERSION = YES;
				CLANG_WARN_INFINITE_RECURSION = YES;
				CLANG_WARN_INT_CONVERSION = YES;
				CLANG_WARN_OBJC_ROOT_CLASS = YES_ERROR;
				CLANG_WARN_SUSPICIOUS_MOVE = YES;
				CLANG_WARN_UNREACHABLE_CODE = YES;
				CLANG_WARN__DUPLICATE_METHOD_MATCH = YES;
				"CODE_SIGN_IDENTITY[sdk=iphoneos*]" = "iPhone Developer";
				COPY_PHASE_STRIP = NO;
				DEBUG_INFORMATION_FORMAT = "dwarf-with-dsym";
				ENABLE_NS_ASSERTIONS = NO;
				ENABLE_STRICT_OBJC_MSGSEND = YES;
				GCC_C_LANGUAGE_STANDARD = gnu99;
				GCC_NO_COMMON_BLOCKS = YES;
				GCC_WARN_64_TO_32_BIT_CONVERSION = YES;
				GCC_WARN_ABOUT_RETURN_TYPE = YES_ERROR;
				GCC_WARN_UNDECLARED_SELECTOR = YES;
				GCC_WARN_UNINITIALIZED_AUTOS = YES_AGGRESSIVE;
				GCC_WARN_UNUSED_FUNCTION = YES;
				GCC_WARN_UNUSED_VARIABLE = YES;
				IPHONEOS_DEPLOYMENT_TARGET = 10.3;
				MTL_ENABLE_DEBUG_INFO = NO;
				SDKROOT = iphoneos;
				SWIFT_OPTIMIZATION_LEVEL = "-Owholemodule";
				VALIDATE_PRODUCT = YES;
			};
			name = Release;
		};
		BD0178451F428817002A00F2 /* Debug */ = {
			isa = XCBuildConfiguration;
			buildSettings = {
				ASSETCATALOG_COMPILER_APPICON_NAME = AppIcon;
				DEVELOPMENT_TEAM = 7A99V6896N;
				INFOPLIST_FILE = mysuper/Info.plist;
				LD_RUNPATH_SEARCH_PATHS = "$(inherited) @executable_path/Frameworks";
				PRODUCT_BUNDLE_IDENTIFIER = com.ios.mysuper;
				PRODUCT_NAME = "$(TARGET_NAME)";
				SWIFT_VERSION = 3.0;
			};
			name = Debug;
		};
		BD0178461F428817002A00F2 /* Release */ = {
			isa = XCBuildConfiguration;
			buildSettings = {
				ASSETCATALOG_COMPILER_APPICON_NAME = AppIcon;
				DEVELOPMENT_TEAM = 7A99V6896N;
				INFOPLIST_FILE = mysuper/Info.plist;
				LD_RUNPATH_SEARCH_PATHS = "$(inherited) @executable_path/Frameworks";
				PRODUCT_BUNDLE_IDENTIFIER = com.ios.mysuper;
				PRODUCT_NAME = "$(TARGET_NAME)";
				SWIFT_VERSION = 3.0;
			};
			name = Release;
		};
/* End XCBuildConfiguration section */

/* Begin XCConfigurationList section */
		BD01782D1F428817002A00F2 /* Build configuration list for PBXProject "mysuper" */ = {
			isa = XCConfigurationList;
			buildConfigurations = (
				BD0178421F428817002A00F2 /* Debug */,
				BD0178431F428817002A00F2 /* Release */,
			);
			defaultConfigurationIsVisible = 0;
			defaultConfigurationName = Release;
		};
		BD0178441F428817002A00F2 /* Build configuration list for PBXNativeTarget "mysuper" */ = {
			isa = XCConfigurationList;
			buildConfigurations = (
				BD0178451F428817002A00F2 /* Debug */,
				BD0178461F428817002A00F2 /* Release */,
			);
			defaultConfigurationIsVisible = 0;
		};
/* End XCConfigurationList section */
	};
	rootObject = BD01782A1F428817002A00F2 /* Project object */;
}
